
Microsoft Visual Studio Solution File, Format Version 12.00
# Visual Studio Version 17
VisualStudioVersion = 17.3.32804.467
MinimumVisualStudioVersion = 10.0.40219.1
Project("{FAE04EC0-301F-11D3-BF4B-00C04F79EFBC}") = "OpenWeather", "OpenWeather\OpenWeather.csproj", "{FCC8A9F5-4320-4F69-80F4-EB6B4B09800E}"
EndProject
Global
	GlobalSection(SolutionConfigurationPlatforms) = preSolution
		Debug|Any CPU = Debug|Any CPU
		Release|Any CPU = Release|Any CPU
	EndGlobalSection
	GlobalSection(ProjectConfigurationPlatforms) = postSolution
		{FCC8A9F5-4320-4F69-80F4-EB6B4B09800E}.Debug|Any CPU.ActiveCfg = Debug|Any CPU
		{FCC8A9F5-4320-4F69-80F4-EB6B4B09800E}.Debug|Any CPU.Build.0 = Debug|Any CPU
		{FCC8A9F5-4320-4F69-80F4-EB6B4B09800E}.Release|Any CPU.ActiveCfg = Release|Any CPU
		{FCC8A9F5-4320-4F69-80F4-EB6B4B09800E}.Release|Any CPU.Build.0 = Release|Any CPU
	EndGlobalSection
	GlobalSection(SolutionProperties) = preSolution
		HideSolutionNode = FALSE
	EndGlobalSection
	GlobalSection(ExtensibilityGlobals) = postSolution
		SolutionGuid = {F8BF09A3-8CB7-492A-A14A-6C89B722EBBA}
	EndGlobalSection
EndGlobal
